// !$*UTF8*$!
{
	archiveVersion = 1;
	classes = {
	};
	objectVersion = 56;
	objects = {

/* Begin PBXBuildFile section */
		4900EF10298EB7290077E83A /* People.swift in Sources */ = {isa = PBXBuildFile; fileRef = 4900EF0F298EB7290077E83A /* People.swift */; };
		4900EF12298EB7320077E83A /* Films.swift in Sources */ = {isa = PBXBuildFile; fileRef = 4900EF11298EB7320077E83A /* Films.swift */; };
		4900EF14298EB7430077E83A /* Starships.swift in Sources */ = {isa = PBXBuildFile; fileRef = 4900EF13298EB7430077E83A /* Starships.swift */; };
		4900EF16298EB7500077E83A /* Vehicles.swift in Sources */ = {isa = PBXBuildFile; fileRef = 4900EF15298EB7500077E83A /* Vehicles.swift */; };
		4900EF18298EB75A0077E83A /* Planets.swift in Sources */ = {isa = PBXBuildFile; fileRef = 4900EF17298EB75A0077E83A /* Planets.swift */; };
		4900EF1A298EB76F0077E83A /* Species.swift in Sources */ = {isa = PBXBuildFile; fileRef = 4900EF19298EB76F0077E83A /* Species.swift */; };
		4920187429891AC300E4C058 /* ShowTopicViewController.swift in Sources */ = {isa = PBXBuildFile; fileRef = 4920187329891AC300E4C058 /* ShowTopicViewController.swift */; };
		4920187629891C3C00E4C058 /* ShowTopicViewModel.swift in Sources */ = {isa = PBXBuildFile; fileRef = 4920187529891C3C00E4C058 /* ShowTopicViewModel.swift */; };
		492B58F2298D4BD4007ABC78 /* LoadingReusableView.swift in Sources */ = {isa = PBXBuildFile; fileRef = 492B58F1298D4BD4007ABC78 /* LoadingReusableView.swift */; };
		492B58F5298D6223007ABC78 /* TopicContentQuery.swift in Sources */ = {isa = PBXBuildFile; fileRef = 492B58F4298D6223007ABC78 /* TopicContentQuery.swift */; };
		493808CA298E249D00D8AB4F /* EndPoint.swift in Sources */ = {isa = PBXBuildFile; fileRef = 493808C9298E249D00D8AB4F /* EndPoint.swift */; };
		493808CC298E653300D8AB4F /* UIButton.swift in Sources */ = {isa = PBXBuildFile; fileRef = 493808CB298E653300D8AB4F /* UIButton.swift */; };
		493808D0298E920100D8AB4F /* TopicCollectionDataSource.swift in Sources */ = {isa = PBXBuildFile; fileRef = 493808CF298E920100D8AB4F /* TopicCollectionDataSource.swift */; };
		493808D2298E920C00D8AB4F /* TopicCollectionDelegate.swift in Sources */ = {isa = PBXBuildFile; fileRef = 493808D1298E920C00D8AB4F /* TopicCollectionDelegate.swift */; };
		493808D4298E921F00D8AB4F /* ContentCollectionDataSource.swift in Sources */ = {isa = PBXBuildFile; fileRef = 493808D3298E921F00D8AB4F /* ContentCollectionDataSource.swift */; };
		493808D6298E923000D8AB4F /* ContentCollectionDelegate.swift in Sources */ = {isa = PBXBuildFile; fileRef = 493808D5298E923000D8AB4F /* ContentCollectionDelegate.swift */; };
		493982A82987B91D00E7A240 /* TopicViewCell.swift in Sources */ = {isa = PBXBuildFile; fileRef = 493982A72987B91D00E7A240 /* TopicViewCell.swift */; };
		493982AD298806BE00E7A240 /* TopicLayout.swift in Sources */ = {isa = PBXBuildFile; fileRef = 493982AC298806BE00E7A240 /* TopicLayout.swift */; };
		494641802986FBF90028B895 /* UIFont.swift in Sources */ = {isa = PBXBuildFile; fileRef = 4946417F2986FBF90028B895 /* UIFont.swift */; };
		4951BFEE2986EA20001DF3F7 /* StartViewModel.swift in Sources */ = {isa = PBXBuildFile; fileRef = 4951BFED2986EA20001DF3F7 /* StartViewModel.swift */; };
		4960D6432986A5080064E1C3 /* AppDelegate.swift in Sources */ = {isa = PBXBuildFile; fileRef = 4960D6422986A5080064E1C3 /* AppDelegate.swift */; };
		4960D6452986A5080064E1C3 /* SceneDelegate.swift in Sources */ = {isa = PBXBuildFile; fileRef = 4960D6442986A5080064E1C3 /* SceneDelegate.swift */; };
		4960D6472986A5080064E1C3 /* StartViewController.swift in Sources */ = {isa = PBXBuildFile; fileRef = 4960D6462986A5080064E1C3 /* StartViewController.swift */; };
		4960D64C2986A50A0064E1C3 /* Assets.xcassets in Resources */ = {isa = PBXBuildFile; fileRef = 4960D64B2986A50A0064E1C3 /* Assets.xcassets */; };
		4960D64F2986A50A0064E1C3 /* LaunchScreen.storyboard in Resources */ = {isa = PBXBuildFile; fileRef = 4960D64D2986A50A0064E1C3 /* LaunchScreen.storyboard */; };
		4960D6582986BF170064E1C3 /* SnapKit in Frameworks */ = {isa = PBXBuildFile; productRef = 4960D6572986BF170064E1C3 /* SnapKit */; };
		4960D65F2986C2A20064E1C3 /* PickTopicViewController.swift in Sources */ = {isa = PBXBuildFile; fileRef = 4960D65E2986C2A20064E1C3 /* PickTopicViewController.swift */; };
		4960D6612986C2B80064E1C3 /* PickTopicViewModel.swift in Sources */ = {isa = PBXBuildFile; fileRef = 4960D6602986C2B80064E1C3 /* PickTopicViewModel.swift */; };
		4960D6672986CEE40064E1C3 /* UIColor.swift in Sources */ = {isa = PBXBuildFile; fileRef = 4960D6662986CEE40064E1C3 /* UIColor.swift */; };
		497C315B298B7E53006DB2A2 /* ContentLayout.swift in Sources */ = {isa = PBXBuildFile; fileRef = 497C315A298B7E53006DB2A2 /* ContentLayout.swift */; };
		49B7CEA9298BAD9A00A1B445 /* DetailsScreenViewController.swift in Sources */ = {isa = PBXBuildFile; fileRef = 49B7CEA8298BAD9A00A1B445 /* DetailsScreenViewController.swift */; };
		49B7CEAB298BADB500A1B445 /* DetailsScreenViewModel.swift in Sources */ = {isa = PBXBuildFile; fileRef = 49B7CEAA298BADB500A1B445 /* DetailsScreenViewModel.swift */; };
		49DD5FC9298C25BD00A30B97 /* UILabel.swift in Sources */ = {isa = PBXBuildFile; fileRef = 49DD5FC8298C25BD00A30B97 /* UILabel.swift */; };
		49FD9616298A53350070904A /* APIManager.swift in Sources */ = {isa = PBXBuildFile; fileRef = 49FD9615298A53350070904A /* APIManager.swift */; };
		49FD9619298A55640070904A /* Alamofire in Frameworks */ = {isa = PBXBuildFile; productRef = 49FD9618298A55640070904A /* Alamofire */; };
		49FD961E298A59190070904A /* APIServices.swift in Sources */ = {isa = PBXBuildFile; fileRef = 49FD961D298A59190070904A /* APIServices.swift */; };
		49FD9625298A84C80070904A /* Topics.swift in Sources */ = {isa = PBXBuildFile; fileRef = 49FD9624298A84C80070904A /* Topics.swift */; };
		49FD9627298A87F60070904A /* TopicViewCellViewModel.swift in Sources */ = {isa = PBXBuildFile; fileRef = 49FD9626298A87F60070904A /* TopicViewCellViewModel.swift */; };
		49FD962C298AAB7F0070904A /* ContentViewCell.swift in Sources */ = {isa = PBXBuildFile; fileRef = 49FD962B298AAB7F0070904A /* ContentViewCell.swift */; };
		49FD962E298AABA60070904A /* ContentViewCellViewModel.swift in Sources */ = {isa = PBXBuildFile; fileRef = 49FD962D298AABA60070904A /* ContentViewCellViewModel.swift */; };
/* End PBXBuildFile section */

/* Begin PBXFileReference section */
		4900EF0F298EB7290077E83A /* People.swift */ = {isa = PBXFileReference; lastKnownFileType = sourcecode.swift; path = People.swift; sourceTree = "<group>"; };
		4900EF11298EB7320077E83A /* Films.swift */ = {isa = PBXFileReference; lastKnownFileType = sourcecode.swift; path = Films.swift; sourceTree = "<group>"; };
		4900EF13298EB7430077E83A /* Starships.swift */ = {isa = PBXFileReference; lastKnownFileType = sourcecode.swift; path = Starships.swift; sourceTree = "<group>"; };
		4900EF15298EB7500077E83A /* Vehicles.swift */ = {isa = PBXFileReference; lastKnownFileType = sourcecode.swift; path = Vehicles.swift; sourceTree = "<group>"; };
		4900EF17298EB75A0077E83A /* Planets.swift */ = {isa = PBXFileReference; lastKnownFileType = sourcecode.swift; path = Planets.swift; sourceTree = "<group>"; };
		4900EF19298EB76F0077E83A /* Species.swift */ = {isa = PBXFileReference; lastKnownFileType = sourcecode.swift; path = Species.swift; sourceTree = "<group>"; };
		4920187329891AC300E4C058 /* ShowTopicViewController.swift */ = {isa = PBXFileReference; lastKnownFileType = sourcecode.swift; path = ShowTopicViewController.swift; sourceTree = "<group>"; };
		4920187529891C3C00E4C058 /* ShowTopicViewModel.swift */ = {isa = PBXFileReference; lastKnownFileType = sourcecode.swift; path = ShowTopicViewModel.swift; sourceTree = "<group>"; };
		492B58F1298D4BD4007ABC78 /* LoadingReusableView.swift */ = {isa = PBXFileReference; lastKnownFileType = sourcecode.swift; path = LoadingReusableView.swift; sourceTree = "<group>"; };
		492B58F4298D6223007ABC78 /* TopicContentQuery.swift */ = {isa = PBXFileReference; lastKnownFileType = sourcecode.swift; path = TopicContentQuery.swift; sourceTree = "<group>"; };
		493808C9298E249D00D8AB4F /* EndPoint.swift */ = {isa = PBXFileReference; lastKnownFileType = sourcecode.swift; path = EndPoint.swift; sourceTree = "<group>"; };
		493808CB298E653300D8AB4F /* UIButton.swift */ = {isa = PBXFileReference; lastKnownFileType = sourcecode.swift; path = UIButton.swift; sourceTree = "<group>"; };
		493808CF298E920100D8AB4F /* TopicCollectionDataSource.swift */ = {isa = PBXFileReference; lastKnownFileType = sourcecode.swift; path = TopicCollectionDataSource.swift; sourceTree = "<group>"; };
		493808D1298E920C00D8AB4F /* TopicCollectionDelegate.swift */ = {isa = PBXFileReference; lastKnownFileType = sourcecode.swift; path = TopicCollectionDelegate.swift; sourceTree = "<group>"; };
		493808D3298E921F00D8AB4F /* ContentCollectionDataSource.swift */ = {isa = PBXFileReference; lastKnownFileType = sourcecode.swift; path = ContentCollectionDataSource.swift; sourceTree = "<group>"; };
		493808D5298E923000D8AB4F /* ContentCollectionDelegate.swift */ = {isa = PBXFileReference; lastKnownFileType = sourcecode.swift; path = ContentCollectionDelegate.swift; sourceTree = "<group>"; };
		493982A72987B91D00E7A240 /* TopicViewCell.swift */ = {isa = PBXFileReference; lastKnownFileType = sourcecode.swift; path = TopicViewCell.swift; sourceTree = "<group>"; };
		493982AC298806BE00E7A240 /* TopicLayout.swift */ = {isa = PBXFileReference; lastKnownFileType = sourcecode.swift; path = TopicLayout.swift; sourceTree = "<group>"; };
		4946417F2986FBF90028B895 /* UIFont.swift */ = {isa = PBXFileReference; lastKnownFileType = sourcecode.swift; path = UIFont.swift; sourceTree = "<group>"; };
		4951BFED2986EA20001DF3F7 /* StartViewModel.swift */ = {isa = PBXFileReference; lastKnownFileType = sourcecode.swift; path = StartViewModel.swift; sourceTree = "<group>"; };
		4957C046298CD63300F01F77 /* en-GB */ = {isa = PBXFileReference; lastKnownFileType = text.plist.strings; name = "en-GB"; path = "en-GB.lproj/LaunchScreen.strings"; sourceTree = "<group>"; };
		4960D63F2986A5080064E1C3 /* SHIFT_StarWars.app */ = {isa = PBXFileReference; explicitFileType = wrapper.application; includeInIndex = 0; path = SHIFT_StarWars.app; sourceTree = BUILT_PRODUCTS_DIR; };
		4960D6422986A5080064E1C3 /* AppDelegate.swift */ = {isa = PBXFileReference; lastKnownFileType = sourcecode.swift; path = AppDelegate.swift; sourceTree = "<group>"; };
		4960D6442986A5080064E1C3 /* SceneDelegate.swift */ = {isa = PBXFileReference; lastKnownFileType = sourcecode.swift; path = SceneDelegate.swift; sourceTree = "<group>"; };
		4960D6462986A5080064E1C3 /* StartViewController.swift */ = {isa = PBXFileReference; lastKnownFileType = sourcecode.swift; path = StartViewController.swift; sourceTree = "<group>"; };
		4960D64B2986A50A0064E1C3 /* Assets.xcassets */ = {isa = PBXFileReference; lastKnownFileType = folder.assetcatalog; path = Assets.xcassets; sourceTree = "<group>"; };
		4960D64E2986A50A0064E1C3 /* Base */ = {isa = PBXFileReference; lastKnownFileType = file.storyboard; name = Base; path = Base.lproj/LaunchScreen.storyboard; sourceTree = "<group>"; };
		4960D6502986A50A0064E1C3 /* Info.plist */ = {isa = PBXFileReference; lastKnownFileType = text.plist.xml; path = Info.plist; sourceTree = "<group>"; };
		4960D65E2986C2A20064E1C3 /* PickTopicViewController.swift */ = {isa = PBXFileReference; lastKnownFileType = sourcecode.swift; path = PickTopicViewController.swift; sourceTree = "<group>"; };
		4960D6602986C2B80064E1C3 /* PickTopicViewModel.swift */ = {isa = PBXFileReference; lastKnownFileType = sourcecode.swift; path = PickTopicViewModel.swift; sourceTree = "<group>"; };
		4960D6662986CEE40064E1C3 /* UIColor.swift */ = {isa = PBXFileReference; lastKnownFileType = sourcecode.swift; path = UIColor.swift; sourceTree = "<group>"; };
		497C315A298B7E53006DB2A2 /* ContentLayout.swift */ = {isa = PBXFileReference; lastKnownFileType = sourcecode.swift; path = ContentLayout.swift; sourceTree = "<group>"; };
		49B7CEA8298BAD9A00A1B445 /* DetailsScreenViewController.swift */ = {isa = PBXFileReference; lastKnownFileType = sourcecode.swift; path = DetailsScreenViewController.swift; sourceTree = "<group>"; };
		49B7CEAA298BADB500A1B445 /* DetailsScreenViewModel.swift */ = {isa = PBXFileReference; lastKnownFileType = sourcecode.swift; path = DetailsScreenViewModel.swift; sourceTree = "<group>"; };
		49DD5FC8298C25BD00A30B97 /* UILabel.swift */ = {isa = PBXFileReference; lastKnownFileType = sourcecode.swift; path = UILabel.swift; sourceTree = "<group>"; };
		49FD9615298A53350070904A /* APIManager.swift */ = {isa = PBXFileReference; lastKnownFileType = sourcecode.swift; path = APIManager.swift; sourceTree = "<group>"; };
		49FD961D298A59190070904A /* APIServices.swift */ = {isa = PBXFileReference; lastKnownFileType = sourcecode.swift; path = APIServices.swift; sourceTree = "<group>"; };
		49FD9624298A84C80070904A /* Topics.swift */ = {isa = PBXFileReference; lastKnownFileType = sourcecode.swift; path = Topics.swift; sourceTree = "<group>"; };
		49FD9626298A87F60070904A /* TopicViewCellViewModel.swift */ = {isa = PBXFileReference; lastKnownFileType = sourcecode.swift; path = TopicViewCellViewModel.swift; sourceTree = "<group>"; };
		49FD962B298AAB7F0070904A /* ContentViewCell.swift */ = {isa = PBXFileReference; lastKnownFileType = sourcecode.swift; path = ContentViewCell.swift; sourceTree = "<group>"; };
		49FD962D298AABA60070904A /* ContentViewCellViewModel.swift */ = {isa = PBXFileReference; lastKnownFileType = sourcecode.swift; path = ContentViewCellViewModel.swift; sourceTree = "<group>"; };
/* End PBXFileReference section */

/* Begin PBXFrameworksBuildPhase section */
		4960D63C2986A5080064E1C3 /* Frameworks */ = {
			isa = PBXFrameworksBuildPhase;
			buildActionMask = 2147483647;
			files = (
				4960D6582986BF170064E1C3 /* SnapKit in Frameworks */,
				49FD9619298A55640070904A /* Alamofire in Frameworks */,
			);
			runOnlyForDeploymentPostprocessing = 0;
		};
/* End PBXFrameworksBuildPhase section */

/* Begin PBXGroup section */
		49111631298EB3DE0044F484 /* DataSource&Delegate */ = {
			isa = PBXGroup;
			children = (
				493808CF298E920100D8AB4F /* TopicCollectionDataSource.swift */,
				493808D1298E920C00D8AB4F /* TopicCollectionDelegate.swift */,
			);
			path = "DataSource&Delegate";
			sourceTree = "<group>";
		};
		49111632298EB42B0044F484 /* DataSource&Delegate */ = {
			isa = PBXGroup;
			children = (
				493808D3298E921F00D8AB4F /* ContentCollectionDataSource.swift */,
				493808D5298E923000D8AB4F /* ContentCollectionDelegate.swift */,
			);
			path = "DataSource&Delegate";
			sourceTree = "<group>";
		};
		49111634298EB6360044F484 /* Models */ = {
			isa = PBXGroup;
			children = (
				4900EF0F298EB7290077E83A /* People.swift */,
				4900EF11298EB7320077E83A /* Films.swift */,
				4900EF13298EB7430077E83A /* Starships.swift */,
				4900EF15298EB7500077E83A /* Vehicles.swift */,
				4900EF17298EB75A0077E83A /* Planets.swift */,
				4900EF19298EB76F0077E83A /* Species.swift */,
			);
			path = Models;
			sourceTree = "<group>";
		};
		4920187229891A6300E4C058 /* ShowTopic */ = {
			isa = PBXGroup;
			children = (
				49111632298EB42B0044F484 /* DataSource&Delegate */,
				4920187329891AC300E4C058 /* ShowTopicViewController.swift */,
				4920187529891C3C00E4C058 /* ShowTopicViewModel.swift */,
			);
			path = ShowTopic;
			sourceTree = "<group>";
		};
		492B58F3298D4BEA007ABC78 /* LoadingReusableView */ = {
			isa = PBXGroup;
			children = (
				492B58F1298D4BD4007ABC78 /* LoadingReusableView.swift */,
			);
			path = LoadingReusableView;
			sourceTree = "<group>";
		};
		492B58F6298D622A007ABC78 /* Query */ = {
			isa = PBXGroup;
			children = (
				492B58F4298D6223007ABC78 /* TopicContentQuery.swift */,
			);
			path = Query;
			sourceTree = "<group>";
		};
		493808C8298E241300D8AB4F /* EndPoint */ = {
			isa = PBXGroup;
			children = (
				493808C9298E249D00D8AB4F /* EndPoint.swift */,
			);
			path = EndPoint;
			sourceTree = "<group>";
		};
		493982A32987B88B00E7A240 /* Views */ = {
			isa = PBXGroup;
			children = (
				492B58F3298D4BEA007ABC78 /* LoadingReusableView */,
				49FD962A298AAB430070904A /* ContentCollectionViewCell */,
				493982A42987B89200E7A240 /* TopicCollectionViewCell */,
			);
			path = Views;
			sourceTree = "<group>";
		};
		493982A42987B89200E7A240 /* TopicCollectionViewCell */ = {
			isa = PBXGroup;
			children = (
				49FD9624298A84C80070904A /* Topics.swift */,
				493982A72987B91D00E7A240 /* TopicViewCell.swift */,
				49FD9626298A87F60070904A /* TopicViewCellViewModel.swift */,
				493982AC298806BE00E7A240 /* TopicLayout.swift */,
			);
			path = TopicCollectionViewCell;
			sourceTree = "<group>";
		};
		4960D6362986A5080064E1C3 = {
			isa = PBXGroup;
			children = (
				4960D6412986A5080064E1C3 /* SHIFT_StarWars */,
				4960D6402986A5080064E1C3 /* Products */,
			);
			sourceTree = "<group>";
		};
		4960D6402986A5080064E1C3 /* Products */ = {
			isa = PBXGroup;
			children = (
				4960D63F2986A5080064E1C3 /* SHIFT_StarWars.app */,
			);
			name = Products;
			sourceTree = "<group>";
		};
		4960D6412986A5080064E1C3 /* SHIFT_StarWars */ = {
			isa = PBXGroup;
			children = (
				49FD9614298A52A50070904A /* Network */,
				49111634298EB6360044F484 /* Models */,
				493982A32987B88B00E7A240 /* Views */,
				4960D6652986CEC00064E1C3 /* Extensions */,
				4960D6622986C2F80064E1C3 /* Application */,
				4960D6592986C0910064E1C3 /* Scenes */,
				4960D64B2986A50A0064E1C3 /* Assets.xcassets */,
				4960D6502986A50A0064E1C3 /* Info.plist */,
			);
			path = SHIFT_StarWars;
			sourceTree = "<group>";
		};
		4960D6592986C0910064E1C3 /* Scenes */ = {
			isa = PBXGroup;
			children = (
				4960D64D2986A50A0064E1C3 /* LaunchScreen.storyboard */,
				4960D65A2986C0B00064E1C3 /* StartScreen */,
				4960D65D2986C26B0064E1C3 /* PickTopic */,
				4920187229891A6300E4C058 /* ShowTopic */,
				49B7CEA7298BAD3000A1B445 /* DetailsScreen */,
			);
			path = Scenes;
			sourceTree = "<group>";
		};
		4960D65A2986C0B00064E1C3 /* StartScreen */ = {
			isa = PBXGroup;
			children = (
				4960D6462986A5080064E1C3 /* StartViewController.swift */,
				4951BFED2986EA20001DF3F7 /* StartViewModel.swift */,
			);
			path = StartScreen;
			sourceTree = "<group>";
		};
		4960D65D2986C26B0064E1C3 /* PickTopic */ = {
			isa = PBXGroup;
			children = (
				49111631298EB3DE0044F484 /* DataSource&Delegate */,
				4960D65E2986C2A20064E1C3 /* PickTopicViewController.swift */,
				4960D6602986C2B80064E1C3 /* PickTopicViewModel.swift */,
			);
			path = PickTopic;
			sourceTree = "<group>";
		};
		4960D6622986C2F80064E1C3 /* Application */ = {
			isa = PBXGroup;
			children = (
				4960D6422986A5080064E1C3 /* AppDelegate.swift */,
				4960D6442986A5080064E1C3 /* SceneDelegate.swift */,
			);
			path = Application;
			sourceTree = "<group>";
		};
		4960D6652986CEC00064E1C3 /* Extensions */ = {
			isa = PBXGroup;
			children = (
				4960D6662986CEE40064E1C3 /* UIColor.swift */,
				4946417F2986FBF90028B895 /* UIFont.swift */,
				49DD5FC8298C25BD00A30B97 /* UILabel.swift */,
				493808CB298E653300D8AB4F /* UIButton.swift */,
			);
			path = Extensions;
			sourceTree = "<group>";
		};
		49B7CEA7298BAD3000A1B445 /* DetailsScreen */ = {
			isa = PBXGroup;
			children = (
				49B7CEA8298BAD9A00A1B445 /* DetailsScreenViewController.swift */,
				49B7CEAA298BADB500A1B445 /* DetailsScreenViewModel.swift */,
			);
			path = DetailsScreen;
			sourceTree = "<group>";
		};
		49FD9614298A52A50070904A /* Network */ = {
			isa = PBXGroup;
			children = (
				493808C8298E241300D8AB4F /* EndPoint */,
				492B58F6298D622A007ABC78 /* Query */,
				49FD961B298A58EA0070904A /* Services */,
				49FD961A298A58D80070904A /* Manager */,
			);
			path = Network;
			sourceTree = "<group>";
		};
		49FD961A298A58D80070904A /* Manager */ = {
			isa = PBXGroup;
			children = (
				49FD9615298A53350070904A /* APIManager.swift */,
			);
			path = Manager;
			sourceTree = "<group>";
		};
		49FD961B298A58EA0070904A /* Services */ = {
			isa = PBXGroup;
			children = (
				49FD961D298A59190070904A /* APIServices.swift */,
			);
			path = Services;
			sourceTree = "<group>";
		};
		49FD962A298AAB430070904A /* ContentCollectionViewCell */ = {
			isa = PBXGroup;
			children = (
				49FD962B298AAB7F0070904A /* ContentViewCell.swift */,
				49FD962D298AABA60070904A /* ContentViewCellViewModel.swift */,
				497C315A298B7E53006DB2A2 /* ContentLayout.swift */,
			);
			path = ContentCollectionViewCell;
			sourceTree = "<group>";
		};
/* End PBXGroup section */

/* Begin PBXNativeTarget section */
		4960D63E2986A5080064E1C3 /* SHIFT_StarWars */ = {
			isa = PBXNativeTarget;
			buildConfigurationList = 4960D6532986A50A0064E1C3 /* Build configuration list for PBXNativeTarget "SHIFT_StarWars" */;
			buildPhases = (
				4960D63B2986A5080064E1C3 /* Sources */,
				4960D63C2986A5080064E1C3 /* Frameworks */,
				4960D63D2986A5080064E1C3 /* Resources */,
			);
			buildRules = (
			);
			dependencies = (
			);
			name = SHIFT_StarWars;
			packageProductDependencies = (
				4960D6572986BF170064E1C3 /* SnapKit */,
				49FD9618298A55640070904A /* Alamofire */,
			);
			productName = SHIFT_Project;
			productReference = 4960D63F2986A5080064E1C3 /* SHIFT_StarWars.app */;
			productType = "com.apple.product-type.application";
		};
/* End PBXNativeTarget section */

/* Begin PBXProject section */
		4960D6372986A5080064E1C3 /* Project object */ = {
			isa = PBXProject;
			attributes = {
				BuildIndependentTargetsInParallel = 1;
				LastSwiftUpdateCheck = 1420;
				LastUpgradeCheck = 1420;
				TargetAttributes = {
					4960D63E2986A5080064E1C3 = {
						CreatedOnToolsVersion = 14.2;
					};
				};
			};
			buildConfigurationList = 4960D63A2986A5080064E1C3 /* Build configuration list for PBXProject "SHIFT_StarWars" */;
			compatibilityVersion = "Xcode 14.0";
			developmentRegion = en;
			hasScannedForEncodings = 0;
			knownRegions = (
				en,
				Base,
				"en-GB",
			);
			mainGroup = 4960D6362986A5080064E1C3;
			packageReferences = (
				4960D6562986BF160064E1C3 /* XCRemoteSwiftPackageReference "SnapKit" */,
				49FD9617298A55640070904A /* XCRemoteSwiftPackageReference "Alamofire" */,
			);
			productRefGroup = 4960D6402986A5080064E1C3 /* Products */;
			projectDirPath = "";
			projectRoot = "";
			targets = (
				4960D63E2986A5080064E1C3 /* SHIFT_StarWars */,
			);
		};
/* End PBXProject section */

/* Begin PBXResourcesBuildPhase section */
		4960D63D2986A5080064E1C3 /* Resources */ = {
			isa = PBXResourcesBuildPhase;
			buildActionMask = 2147483647;
			files = (
				4960D64F2986A50A0064E1C3 /* LaunchScreen.storyboard in Resources */,
				4960D64C2986A50A0064E1C3 /* Assets.xcassets in Resources */,
			);
			runOnlyForDeploymentPostprocessing = 0;
		};
/* End PBXResourcesBuildPhase section */

/* Begin PBXSourcesBuildPhase section */
		4960D63B2986A5080064E1C3 /* Sources */ = {
			isa = PBXSourcesBuildPhase;
			buildActionMask = 2147483647;
			files = (
				493982A82987B91D00E7A240 /* TopicViewCell.swift in Sources */,
				4900EF10298EB7290077E83A /* People.swift in Sources */,
				4960D65F2986C2A20064E1C3 /* PickTopicViewController.swift in Sources */,
				493808D0298E920100D8AB4F /* TopicCollectionDataSource.swift in Sources */,
				4960D6472986A5080064E1C3 /* StartViewController.swift in Sources */,
				49FD962E298AABA60070904A /* ContentViewCellViewModel.swift in Sources */,
				49FD962C298AAB7F0070904A /* ContentViewCell.swift in Sources */,
				49FD961E298A59190070904A /* APIServices.swift in Sources */,
				4960D6432986A5080064E1C3 /* AppDelegate.swift in Sources */,
				493808D6298E923000D8AB4F /* ContentCollectionDelegate.swift in Sources */,
				4900EF12298EB7320077E83A /* Films.swift in Sources */,
				492B58F2298D4BD4007ABC78 /* LoadingReusableView.swift in Sources */,
				4960D6452986A5080064E1C3 /* SceneDelegate.swift in Sources */,
				493808CA298E249D00D8AB4F /* EndPoint.swift in Sources */,
				49FD9625298A84C80070904A /* Topics.swift in Sources */,
				49DD5FC9298C25BD00A30B97 /* UILabel.swift in Sources */,
				494641802986FBF90028B895 /* UIFont.swift in Sources */,
				4960D6612986C2B80064E1C3 /* PickTopicViewModel.swift in Sources */,
				49FD9627298A87F60070904A /* TopicViewCellViewModel.swift in Sources */,
				4951BFEE2986EA20001DF3F7 /* StartViewModel.swift in Sources */,
				4900EF1A298EB76F0077E83A /* Species.swift in Sources */,
				49FD9616298A53350070904A /* APIManager.swift in Sources */,
				493982AD298806BE00E7A240 /* TopicLayout.swift in Sources */,
				493808D4298E921F00D8AB4F /* ContentCollectionDataSource.swift in Sources */,
				4960D6672986CEE40064E1C3 /* UIColor.swift in Sources */,
				4900EF16298EB7500077E83A /* Vehicles.swift in Sources */,
				497C315B298B7E53006DB2A2 /* ContentLayout.swift in Sources */,
				492B58F5298D6223007ABC78 /* TopicContentQuery.swift in Sources */,
				49B7CEA9298BAD9A00A1B445 /* DetailsScreenViewController.swift in Sources */,
				4900EF18298EB75A0077E83A /* Planets.swift in Sources */,
				4920187629891C3C00E4C058 /* ShowTopicViewModel.swift in Sources */,
				493808D2298E920C00D8AB4F /* TopicCollectionDelegate.swift in Sources */,
				4920187429891AC300E4C058 /* ShowTopicViewController.swift in Sources */,
				4900EF14298EB7430077E83A /* Starships.swift in Sources */,
				49B7CEAB298BADB500A1B445 /* DetailsScreenViewModel.swift in Sources */,
				493808CC298E653300D8AB4F /* UIButton.swift in Sources */,
			);
			runOnlyForDeploymentPostprocessing = 0;
		};
/* End PBXSourcesBuildPhase section */

/* Begin PBXVariantGroup section */
		4960D64D2986A50A0064E1C3 /* LaunchScreen.storyboard */ = {
			isa = PBXVariantGroup;
			children = (
				4960D64E2986A50A0064E1C3 /* Base */,
				4957C046298CD63300F01F77 /* en-GB */,
			);
			name = LaunchScreen.storyboard;
			sourceTree = "<group>";
		};
/* End PBXVariantGroup section */

/* Begin XCBuildConfiguration section */
		4960D6512986A50A0064E1C3 /* Debug */ = {
			isa = XCBuildConfiguration;
			buildSettings = {
				ALWAYS_SEARCH_USER_PATHS = NO;
				CLANG_ANALYZER_LOCALIZABILITY_NONLOCALIZED = YES;
				CLANG_ANALYZER_NONNULL = YES;
				CLANG_ANALYZER_NUMBER_OBJECT_CONVERSION = YES_AGGRESSIVE;
				CLANG_CXX_LANGUAGE_STANDARD = "gnu++20";
				CLANG_ENABLE_MODULES = YES;
				CLANG_ENABLE_OBJC_ARC = YES;
				CLANG_ENABLE_OBJC_WEAK = YES;
				CLANG_WARN_BLOCK_CAPTURE_AUTORELEASING = YES;
				CLANG_WARN_BOOL_CONVERSION = YES;
				CLANG_WARN_COMMA = YES;
				CLANG_WARN_CONSTANT_CONVERSION = YES;
				CLANG_WARN_DEPRECATED_OBJC_IMPLEMENTATIONS = YES;
				CLANG_WARN_DIRECT_OBJC_ISA_USAGE = YES_ERROR;
				CLANG_WARN_DOCUMENTATION_COMMENTS = YES;
				CLANG_WARN_EMPTY_BODY = YES;
				CLANG_WARN_ENUM_CONVERSION = YES;
				CLANG_WARN_INFINITE_RECURSION = YES;
				CLANG_WARN_INT_CONVERSION = YES;
				CLANG_WARN_NON_LITERAL_NULL_CONVERSION = YES;
				CLANG_WARN_OBJC_IMPLICIT_RETAIN_SELF = YES;
				CLANG_WARN_OBJC_LITERAL_CONVERSION = YES;
				CLANG_WARN_OBJC_ROOT_CLASS = YES_ERROR;
				CLANG_WARN_QUOTED_INCLUDE_IN_FRAMEWORK_HEADER = YES;
				CLANG_WARN_RANGE_LOOP_ANALYSIS = YES;
				CLANG_WARN_STRICT_PROTOTYPES = YES;
				CLANG_WARN_SUSPICIOUS_MOVE = YES;
				CLANG_WARN_UNGUARDED_AVAILABILITY = YES_AGGRESSIVE;
				CLANG_WARN_UNREACHABLE_CODE = YES;
				CLANG_WARN__DUPLICATE_METHOD_MATCH = YES;
				COPY_PHASE_STRIP = NO;
				DEBUG_INFORMATION_FORMAT = dwarf;
				ENABLE_STRICT_OBJC_MSGSEND = YES;
				ENABLE_TESTABILITY = YES;
				GCC_C_LANGUAGE_STANDARD = gnu11;
				GCC_DYNAMIC_NO_PIC = NO;
				GCC_NO_COMMON_BLOCKS = YES;
				GCC_OPTIMIZATION_LEVEL = 0;
				GCC_PREPROCESSOR_DEFINITIONS = (
					"DEBUG=1",
					"$(inherited)",
				);
				GCC_WARN_64_TO_32_BIT_CONVERSION = YES;
				GCC_WARN_ABOUT_RETURN_TYPE = YES_ERROR;
				GCC_WARN_UNDECLARED_SELECTOR = YES;
				GCC_WARN_UNINITIALIZED_AUTOS = YES_AGGRESSIVE;
				GCC_WARN_UNUSED_FUNCTION = YES;
				GCC_WARN_UNUSED_VARIABLE = YES;
				IPHONEOS_DEPLOYMENT_TARGET = 13.0;
				MTL_ENABLE_DEBUG_INFO = INCLUDE_SOURCE;
				MTL_FAST_MATH = YES;
				ONLY_ACTIVE_ARCH = YES;
				SDKROOT = iphoneos;
				SWIFT_ACTIVE_COMPILATION_CONDITIONS = DEBUG;
				SWIFT_OPTIMIZATION_LEVEL = "-Onone";
			};
			name = Debug;
		};
		4960D6522986A50A0064E1C3 /* Release */ = {
			isa = XCBuildConfiguration;
			buildSettings = {
				ALWAYS_SEARCH_USER_PATHS = NO;
				CLANG_ANALYZER_LOCALIZABILITY_NONLOCALIZED = YES;
				CLANG_ANALYZER_NONNULL = YES;
				CLANG_ANALYZER_NUMBER_OBJECT_CONVERSION = YES_AGGRESSIVE;
				CLANG_CXX_LANGUAGE_STANDARD = "gnu++20";
				CLANG_ENABLE_MODULES = YES;
				CLANG_ENABLE_OBJC_ARC = YES;
				CLANG_ENABLE_OBJC_WEAK = YES;
				CLANG_WARN_BLOCK_CAPTURE_AUTORELEASING = YES;
				CLANG_WARN_BOOL_CONVERSION = YES;
				CLANG_WARN_COMMA = YES;
				CLANG_WARN_CONSTANT_CONVERSION = YES;
				CLANG_WARN_DEPRECATED_OBJC_IMPLEMENTATIONS = YES;
				CLANG_WARN_DIRECT_OBJC_ISA_USAGE = YES_ERROR;
				CLANG_WARN_DOCUMENTATION_COMMENTS = YES;
				CLANG_WARN_EMPTY_BODY = YES;
				CLANG_WARN_ENUM_CONVERSION = YES;
				CLANG_WARN_INFINITE_RECURSION = YES;
				CLANG_WARN_INT_CONVERSION = YES;
				CLANG_WARN_NON_LITERAL_NULL_CONVERSION = YES;
				CLANG_WARN_OBJC_IMPLICIT_RETAIN_SELF = YES;
				CLANG_WARN_OBJC_LITERAL_CONVERSION = YES;
				CLANG_WARN_OBJC_ROOT_CLASS = YES_ERROR;
				CLANG_WARN_QUOTED_INCLUDE_IN_FRAMEWORK_HEADER = YES;
				CLANG_WARN_RANGE_LOOP_ANALYSIS = YES;
				CLANG_WARN_STRICT_PROTOTYPES = YES;
				CLANG_WARN_SUSPICIOUS_MOVE = YES;
				CLANG_WARN_UNGUARDED_AVAILABILITY = YES_AGGRESSIVE;
				CLANG_WARN_UNREACHABLE_CODE = YES;
				CLANG_WARN__DUPLICATE_METHOD_MATCH = YES;
				COPY_PHASE_STRIP = NO;
				DEBUG_INFORMATION_FORMAT = "dwarf-with-dsym";
				ENABLE_NS_ASSERTIONS = NO;
				ENABLE_STRICT_OBJC_MSGSEND = YES;
				GCC_C_LANGUAGE_STANDARD = gnu11;
				GCC_NO_COMMON_BLOCKS = YES;
				GCC_WARN_64_TO_32_BIT_CONVERSION = YES;
				GCC_WARN_ABOUT_RETURN_TYPE = YES_ERROR;
				GCC_WARN_UNDECLARED_SELECTOR = YES;
				GCC_WARN_UNINITIALIZED_AUTOS = YES_AGGRESSIVE;
				GCC_WARN_UNUSED_FUNCTION = YES;
				GCC_WARN_UNUSED_VARIABLE = YES;
				IPHONEOS_DEPLOYMENT_TARGET = 13.0;
				MTL_ENABLE_DEBUG_INFO = NO;
				MTL_FAST_MATH = YES;
				SDKROOT = iphoneos;
				SWIFT_COMPILATION_MODE = wholemodule;
				SWIFT_OPTIMIZATION_LEVEL = "-O";
				VALIDATE_PRODUCT = YES;
			};
			name = Release;
		};
		4960D6542986A50A0064E1C3 /* Debug */ = {
			isa = XCBuildConfiguration;
			buildSettings = {
				ASSETCATALOG_COMPILER_APPICON_NAME = AppIcon;
				ASSETCATALOG_COMPILER_GLOBAL_ACCENT_COLOR_NAME = AccentColor;
				CODE_SIGN_STYLE = Automatic;
				CURRENT_PROJECT_VERSION = 1;
				DEVELOPMENT_TEAM = 9KT4MKX52L;
				GENERATE_INFOPLIST_FILE = YES;
				INFOPLIST_FILE = SHIFT_StarWars/Info.plist;
				INFOPLIST_KEY_CFBundleDisplayName = StarWars;
				INFOPLIST_KEY_LSApplicationCategoryType = "public.app-category.productivity";
				INFOPLIST_KEY_UIApplicationSupportsIndirectInputEvents = YES;
				INFOPLIST_KEY_UILaunchStoryboardName = LaunchScreen;
				INFOPLIST_KEY_UISupportedInterfaceOrientations_iPad = "UIInterfaceOrientationPortrait UIInterfaceOrientationPortraitUpsideDown UIInterfaceOrientationLandscapeLeft UIInterfaceOrientationLandscapeRight";
				INFOPLIST_KEY_UISupportedInterfaceOrientations_iPhone = "UIInterfaceOrientationPortrait UIInterfaceOrientationLandscapeLeft UIInterfaceOrientationLandscapeRight";
				LD_RUNPATH_SEARCH_PATHS = (
					"$(inherited)",
					"@executable_path/Frameworks",
				);
				MARKETING_VERSION = 1.0;
				PRODUCT_BUNDLE_IDENTIFIER = "sem.SHIFT-StarWars";
				PRODUCT_NAME = "$(TARGET_NAME)";
				SWIFT_EMIT_LOC_STRINGS = YES;
				SWIFT_VERSION = 5.0;
				TARGETED_DEVICE_FAMILY = "1,2";
			};
			name = Debug;
		};
		4960D6552986A50A0064E1C3 /* Release */ = {
			isa = XCBuildConfiguration;
			buildSettings = {
				ASSETCATALOG_COMPILER_APPICON_NAME = AppIcon;
				ASSETCATALOG_COMPILER_GLOBAL_ACCENT_COLOR_NAME = AccentColor;
				CODE_SIGN_STYLE = Automatic;
				CURRENT_PROJECT_VERSION = 1;
				DEVELOPMENT_TEAM = 9KT4MKX52L;
				GENERATE_INFOPLIST_FILE = YES;
				INFOPLIST_FILE = SHIFT_StarWars/Info.plist;
				INFOPLIST_KEY_CFBundleDisplayName = StarWars;
				INFOPLIST_KEY_LSApplicationCategoryType = "public.app-category.productivity";
				INFOPLIST_KEY_UIApplicationSupportsIndirectInputEvents = YES;
				INFOPLIST_KEY_UILaunchStoryboardName = LaunchScreen;
				INFOPLIST_KEY_UISupportedInterfaceOrientations_iPad = "UIInterfaceOrientationPortrait UIInterfaceOrientationPortraitUpsideDown UIInterfaceOrientationLandscapeLeft UIInterfaceOrientationLandscapeRight";
				INFOPLIST_KEY_UISupportedInterfaceOrientations_iPhone = "UIInterfaceOrientationPortrait UIInterfaceOrientationLandscapeLeft UIInterfaceOrientationLandscapeRight";
				LD_RUNPATH_SEARCH_PATHS = (
					"$(inherited)",
					"@executable_path/Frameworks",
				);
				MARKETING_VERSION = 1.0;
				PRODUCT_BUNDLE_IDENTIFIER = "sem.SHIFT-StarWars";
				PRODUCT_NAME = "$(TARGET_NAME)";
				SWIFT_EMIT_LOC_STRINGS = YES;
				SWIFT_VERSION = 5.0;
				TARGETED_DEVICE_FAMILY = "1,2";
			};
			name = Release;
		};
/* End XCBuildConfiguration section */

/* Begin XCConfigurationList section */
		4960D63A2986A5080064E1C3 /* Build configuration list for PBXProject "SHIFT_StarWars" */ = {
			isa = XCConfigurationList;
			buildConfigurations = (
				4960D6512986A50A0064E1C3 /* Debug */,
				4960D6522986A50A0064E1C3 /* Release */,
			);
			defaultConfigurationIsVisible = 0;
			defaultConfigurationName = Release;
		};
		4960D6532986A50A0064E1C3 /* Build configuration list for PBXNativeTarget "SHIFT_StarWars" */ = {
			isa = XCConfigurationList;
			buildConfigurations = (
				4960D6542986A50A0064E1C3 /* Debug */,
				4960D6552986A50A0064E1C3 /* Release */,
			);
			defaultConfigurationIsVisible = 0;
			defaultConfigurationName = Release;
		};
/* End XCConfigurationList section */

/* Begin XCRemoteSwiftPackageReference section */
		4960D6562986BF160064E1C3 /* XCRemoteSwiftPackageReference "SnapKit" */ = {
			isa = XCRemoteSwiftPackageReference;
			repositoryURL = "https://github.com/SnapKit/SnapKit?ysclid=ldhh9l9d77943341286#installation";
			requirement = {
				kind = upToNextMajorVersion;
				minimumVersion = 5.0.0;
			};
		};
		49FD9617298A55640070904A /* XCRemoteSwiftPackageReference "Alamofire" */ = {
			isa = XCRemoteSwiftPackageReference;
			repositoryURL = "https://github.com/Alamofire/Alamofire?ysclid=ldjxcmikcb404584778";
			requirement = {
				branch = master;
				kind = branch;
			};
		};
/* End XCRemoteSwiftPackageReference section */

/* Begin XCSwiftPackageProductDependency section */
		4960D6572986BF170064E1C3 /* SnapKit */ = {
			isa = XCSwiftPackageProductDependency;
			package = 4960D6562986BF160064E1C3 /* XCRemoteSwiftPackageReference "SnapKit" */;
			productName = SnapKit;
		};
		49FD9618298A55640070904A /* Alamofire */ = {
			isa = XCSwiftPackageProductDependency;
			package = 49FD9617298A55640070904A /* XCRemoteSwiftPackageReference "Alamofire" */;
			productName = Alamofire;
		};
/* End XCSwiftPackageProductDependency section */
	};
	rootObject = 4960D6372986A5080064E1C3 /* Project object */;
}
